
Microsoft Visual Studio Solution File, Format Version 12.00
# Visual Studio Version 17
VisualStudioVersion = 17.14.36301.6
MinimumVisualStudioVersion = 10.0.40219.1
Project("{FAE04EC0-301F-11D3-BF4B-00C04F79EFBC}") = "NetFrames.WebPortal", "NetFrames.WebPortal\NetFrames.WebPortal.csproj", "{1ABAF9F0-8B33-42AC-A4B4-A6C6616ABDBB}"
EndProject
Project("{FAE04EC0-301F-11D3-BF4B-00C04F79EFBC}") = "NetFrames.Server", "NetFrames.Server\NetFrames.Server.csproj", "{017908A6-631E-DE94-A74A-CA533FF5874D}"
EndProject
Project("{FAE04EC0-301F-11D3-BF4B-00C04F79EFBC}") = "NetFrames.EmbeddedClient", "NetFrames.EmbeddedClient\NetFrames.EmbeddedClient.csproj", "{C60611C0-D604-425B-B0BA-5A9665B3238E}"
EndProject
Global
	GlobalSection(SolutionConfigurationPlatforms) = preSolution
		Debug|Any CPU = Debug|Any CPU
		Release|Any CPU = Release|Any CPU
	EndGlobalSection
	GlobalSection(ProjectConfigurationPlatforms) = postSolution
		{1ABAF9F0-8B33-42AC-A4B4-A6C6616ABDBB}.Debug|Any CPU.ActiveCfg = Debug|Any CPU
		{1ABAF9F0-8B33-42AC-A4B4-A6C6616ABDBB}.Debug|Any CPU.Build.0 = Debug|Any CPU
		{1ABAF9F0-8B33-42AC-A4B4-A6C6616ABDBB}.Release|Any CPU.ActiveCfg = Release|Any CPU
		{1ABAF9F0-8B33-42AC-A4B4-A6C6616ABDBB}.Release|Any CPU.Build.0 = Release|Any CPU
		{017908A6-631E-DE94-A74A-CA533FF5874D}.Debug|Any CPU.ActiveCfg = Debug|Any CPU
		{017908A6-631E-DE94-A74A-CA533FF5874D}.Debug|Any CPU.Build.0 = Debug|Any CPU
		{017908A6-631E-DE94-A74A-CA533FF5874D}.Release|Any CPU.ActiveCfg = Release|Any CPU
		{017908A6-631E-DE94-A74A-CA533FF5874D}.Release|Any CPU.Build.0 = Release|Any CPU
		{C60611C0-D604-425B-B0BA-5A9665B3238E}.Debug|Any CPU.ActiveCfg = Debug|Any CPU
		{C60611C0-D604-425B-B0BA-5A9665B3238E}.Debug|Any CPU.Build.0 = Debug|Any CPU
		{C60611C0-D604-425B-B0BA-5A9665B3238E}.Debug|Any CPU.Deploy.0 = Debug|Any CPU
		{C60611C0-D604-425B-B0BA-5A9665B3238E}.Release|Any CPU.ActiveCfg = Release|Any CPU
		{C60611C0-D604-425B-B0BA-5A9665B3238E}.Release|Any CPU.Build.0 = Release|Any CPU
		{C60611C0-D604-425B-B0BA-5A9665B3238E}.Release|Any CPU.Deploy.0 = Release|Any CPU
	EndGlobalSection
	GlobalSection(SolutionProperties) = preSolution
		HideSolutionNode = FALSE
	EndGlobalSection
	GlobalSection(ExtensibilityGlobals) = postSolution
		SolutionGuid = {661A5F0C-E1B8-42D9-A12B-1BC1FCC1CAAA}
	EndGlobalSection
EndGlobal
